PODS:
  - IGListDiffKit (4.0.0)
  - IGListKit (4.0.0):
    - IGListDiffKit (= 4.0.0)
  - Texture/Core (3.0.0)
  - Texture/IGListKit (3.0.0):
    - IGListDiffKit (~> 4.0)
    - IGListKit (~> 4.0)
    - Texture/Core

DEPENDENCIES:
  - Texture/IGListKit

SPEC REPOS:
  trunk:
    - IGListDiffKit
    - IGListKit
    - Texture

SPEC CHECKSUMS:
  IGListDiffKit: 665d6cf43ce726e676013db9c7d6c4294259b6b2
  IGListKit: fd5a5d21935298f5849fa49d426843cff97b77c7
  Texture: 2f109e937850d94d1d07232041c9c7313ccddb81

PODFILE CHECKSUM: 7c82b9a2615834193b066af6fde84fbfe68b612d

COCOAPODS: 1.10.1
